
Microsoft Visual Studio Solution File, Format Version 12.00
# Visual Studio Version 16
VisualStudioVersion = 16.0.31321.278
MinimumVisualStudioVersion = 10.0.40219.1
Project("{FAE04EC0-301F-11D3-BF4B-00C04F79EFBC}") = "AspNetMVC", "AspNetMVC\AspNetMVC.csproj", "{96A987A6-521D-4732-9DC5-D89AD248F365}"
EndProject
Project("{2150E333-8FDC-42A3-9474-1A3956D46DE8}") = "0 - Presentation", "0 - Presentation", "{135A277A-2592-4520-84BD-72DF0B420E28}"
EndProject
Project("{2150E333-8FDC-42A3-9474-1A3956D46DE8}") = "1 - Application", "1 - Application", "{E26EA7A9-6B40-4B4C-B380-AA47F3322B8E}"
EndProject
Project("{2150E333-8FDC-42A3-9474-1A3956D46DE8}") = "2 - Domain", "2 - Domain", "{0860A8B1-0C4E-4FE2-8CD1-5D36B8E8576F}"
EndProject
Project("{2150E333-8FDC-42A3-9474-1A3956D46DE8}") = "3 - Infra", "3 - Infra", "{C237EB92-69E1-44E0-B9B6-D1509CB64906}"
EndProject
Project("{2150E333-8FDC-42A3-9474-1A3956D46DE8}") = "3.1 - Data", "3.1 - Data", "{B69102E4-1AF5-4BA5-B24E-313A7B219061}"
EndProject
Project("{FAE04EC0-301F-11D3-BF4B-00C04F79EFBC}") = "AspNetMVC.Infra.Data", "AspNetMVC.Infra.Data\AspNetMVC.Infra.Data.csproj", "{D53674F6-F701-4CF6-8F01-A513F00FA080}"
EndProject
Project("{FAE04EC0-301F-11D3-BF4B-00C04F79EFBC}") = "AspNetMVC.Domain", "AspNetMVC.Domain\AspNetMVC.Domain.csproj", "{7E8AF30C-5AFD-4AE1-A477-F097EC60A9C4}"
EndProject
Project("{FAE04EC0-301F-11D3-BF4B-00C04F79EFBC}") = "AspNetMVC.Application", "AspNetMVC.Application\AspNetMVC.Application.csproj", "{5051A858-146F-4CEB-888C-E7BAC0C169C0}"
EndProject
Global
	GlobalSection(SolutionConfigurationPlatforms) = preSolution
		Debug|Any CPU = Debug|Any CPU
		Release|Any CPU = Release|Any CPU
	EndGlobalSection
	GlobalSection(ProjectConfigurationPlatforms) = postSolution
		{96A987A6-521D-4732-9DC5-D89AD248F365}.Debug|Any CPU.ActiveCfg = Debug|Any CPU
		{96A987A6-521D-4732-9DC5-D89AD248F365}.Debug|Any CPU.Build.0 = Debug|Any CPU
		{96A987A6-521D-4732-9DC5-D89AD248F365}.Release|Any CPU.ActiveCfg = Release|Any CPU
		{96A987A6-521D-4732-9DC5-D89AD248F365}.Release|Any CPU.Build.0 = Release|Any CPU
		{D53674F6-F701-4CF6-8F01-A513F00FA080}.Debug|Any CPU.ActiveCfg = Debug|Any CPU
		{D53674F6-F701-4CF6-8F01-A513F00FA080}.Debug|Any CPU.Build.0 = Debug|Any CPU
		{D53674F6-F701-4CF6-8F01-A513F00FA080}.Release|Any CPU.ActiveCfg = Release|Any CPU
		{D53674F6-F701-4CF6-8F01-A513F00FA080}.Release|Any CPU.Build.0 = Release|Any CPU
		{7E8AF30C-5AFD-4AE1-A477-F097EC60A9C4}.Debug|Any CPU.ActiveCfg = Debug|Any CPU
		{7E8AF30C-5AFD-4AE1-A477-F097EC60A9C4}.Debug|Any CPU.Build.0 = Debug|Any CPU
		{7E8AF30C-5AFD-4AE1-A477-F097EC60A9C4}.Release|Any CPU.ActiveCfg = Release|Any CPU
		{7E8AF30C-5AFD-4AE1-A477-F097EC60A9C4}.Release|Any CPU.Build.0 = Release|Any CPU
		{5051A858-146F-4CEB-888C-E7BAC0C169C0}.Debug|Any CPU.ActiveCfg = Debug|Any CPU
		{5051A858-146F-4CEB-888C-E7BAC0C169C0}.Debug|Any CPU.Build.0 = Debug|Any CPU
		{5051A858-146F-4CEB-888C-E7BAC0C169C0}.Release|Any CPU.ActiveCfg = Release|Any CPU
		{5051A858-146F-4CEB-888C-E7BAC0C169C0}.Release|Any CPU.Build.0 = Release|Any CPU
	EndGlobalSection
	GlobalSection(SolutionProperties) = preSolution
		HideSolutionNode = FALSE
	EndGlobalSection
	GlobalSection(NestedProjects) = preSolution
		{96A987A6-521D-4732-9DC5-D89AD248F365} = {135A277A-2592-4520-84BD-72DF0B420E28}
		{B69102E4-1AF5-4BA5-B24E-313A7B219061} = {C237EB92-69E1-44E0-B9B6-D1509CB64906}
		{D53674F6-F701-4CF6-8F01-A513F00FA080} = {B69102E4-1AF5-4BA5-B24E-313A7B219061}
		{7E8AF30C-5AFD-4AE1-A477-F097EC60A9C4} = {0860A8B1-0C4E-4FE2-8CD1-5D36B8E8576F}
		{5051A858-146F-4CEB-888C-E7BAC0C169C0} = {E26EA7A9-6B40-4B4C-B380-AA47F3322B8E}
	EndGlobalSection
	GlobalSection(ExtensibilityGlobals) = postSolution
		SolutionGuid = {BF67D8FF-5A0B-4C9D-AE01-665A43DA053B}
	EndGlobalSection
EndGlobal
